
Microsoft Visual Studio Solution File, Format Version 12.00
# Visual Studio Version 16
VisualStudioVersion = 16.0.31410.357
MinimumVisualStudioVersion = 10.0.40219.1
Project("{FAE04EC0-301F-11D3-BF4B-00C04F79EFBC}") = "JSDemo", "JSDemo\JSDemo.csproj", "{A56190DC-6C97-4885-BF88-D2DDEDC59627}"
EndProject
Global
	GlobalSection(SolutionConfigurationPlatforms) = preSolution
		Debug|Any CPU = Debug|Any CPU
		Release|Any CPU = Release|Any CPU
	EndGlobalSection
	GlobalSection(ProjectConfigurationPlatforms) = postSolution
		{A56190DC-6C97-4885-BF88-D2DDEDC59627}.Debug|Any CPU.ActiveCfg = Debug|Any CPU
		{A56190DC-6C97-4885-BF88-D2DDEDC59627}.Debug|Any CPU.Build.0 = Debug|Any CPU
		{A56190DC-6C97-4885-BF88-D2DDEDC59627}.Release|Any CPU.ActiveCfg = Release|Any CPU
		{A56190DC-6C97-4885-BF88-D2DDEDC59627}.Release|Any CPU.Build.0 = Release|Any CPU
	EndGlobalSection
	GlobalSection(SolutionProperties) = preSolution
		HideSolutionNode = FALSE
	EndGlobalSection
	GlobalSection(ExtensibilityGlobals) = postSolution
		SolutionGuid = {5347FE3A-44A1-40E1-829A-858361003CDA}
	EndGlobalSection
EndGlobal
